// !$*UTF8*$!
{
	archiveVersion = 1;
	classes = {
	};
	objectVersion = 77;
	objects = {

/* Begin PBXBuildFile section */
		6FBE2C7E2F62A2AA00B02B5A /* Task.swift in Sources */ = {isa = PBXBuildFile; fileRef = 6FBE2C7D2F62A29E00B02B5A /* Task.swift */; };
		6FBE2C802F62A57800B02B5A /* Project.swift in Sources */ = {isa = PBXBuildFile; fileRef = 6FBE2C7F2F62A57300B02B5A /* Project.swift */; };
		6FBE2C822F62A66500B02B5A /* Employee.swift in Sources */ = {isa = PBXBuildFile; fileRef = 6FBE2C812F62A66000B02B5A /* Employee.swift */; };
		6FFDD0E12F61933E008CED45 /* AppDelegate.swift in Sources */ = {isa = PBXBuildFile; fileRef = 6FFDD0D12F618685008CED45 /* AppDelegate.swift */; };
		6FFDD0E22F61933E008CED45 /* SceneDelegate.swift in Sources */ = {isa = PBXBuildFile; fileRef = 6FFDD0D22F618685008CED45 /* SceneDelegate.swift */; };
		6FFDD0E32F61933E008CED45 /* MainMenuViewController.swift in Sources */ = {isa = PBXBuildFile; fileRef = 6FFDD0DB2F618685008CED45 /* MainMenuViewController.swift */; };
		6FFDD0E42F61933E008CED45 /* SplashViewController.swift in Sources */ = {isa = PBXBuildFile; fileRef = 6FFDD0DC2F618685008CED45 /* SplashViewController.swift */; };
		6FFDD0E72F619930008CED45 /* LaunchScreen.storyboard in Sources */ = {isa = PBXBuildFile; fileRef = 6FFDD0CB2F618666008CED45 /* LaunchScreen.storyboard */; };
/* End PBXBuildFile section */

/* Begin PBXFileReference section */
		6FBE2C7D2F62A29E00B02B5A /* Task.swift */ = {isa = PBXFileReference; lastKnownFileType = sourcecode.swift; path = Task.swift; sourceTree = "<group>"; };
		6FBE2C7F2F62A57300B02B5A /* Project.swift */ = {isa = PBXFileReference; lastKnownFileType = sourcecode.swift; path = Project.swift; sourceTree = "<group>"; };
		6FBE2C812F62A66000B02B5A /* Employee.swift */ = {isa = PBXFileReference; lastKnownFileType = sourcecode.swift; path = Employee.swift; sourceTree = "<group>"; };
		6FFDD0872F616B40008CED45 /* trainingtask.app */ = {isa = PBXFileReference; explicitFileType = wrapper.application; includeInIndex = 0; path = trainingtask.app; sourceTree = BUILT_PRODUCTS_DIR; };
		6FFDD0C82F618666008CED45 /* Assets.xcassets */ = {isa = PBXFileReference; lastKnownFileType = folder.assetcatalog; path = Assets.xcassets; sourceTree = "<group>"; };
		6FFDD0C92F618666008CED45 /* Info.plist */ = {isa = PBXFileReference; lastKnownFileType = text.plist.xml; path = Info.plist; sourceTree = "<group>"; };
		6FFDD0CA2F618666008CED45 /* Base */ = {isa = PBXFileReference; lastKnownFileType = file.storyboard; name = Base; path = Base.lproj/LaunchScreen.storyboard; sourceTree = "<group>"; };
		6FFDD0CC2F618666008CED45 /* Localizable.strings */ = {isa = PBXFileReference; lastKnownFileType = text.plist.strings; path = Localizable.strings; sourceTree = "<group>"; };
		6FFDD0D12F618685008CED45 /* AppDelegate.swift */ = {isa = PBXFileReference; lastKnownFileType = sourcecode.swift; path = AppDelegate.swift; sourceTree = "<group>"; };
		6FFDD0D22F618685008CED45 /* SceneDelegate.swift */ = {isa = PBXFileReference; lastKnownFileType = sourcecode.swift; path = SceneDelegate.swift; sourceTree = "<group>"; };
		6FFDD0DB2F618685008CED45 /* MainMenuViewController.swift */ = {isa = PBXFileReference; lastKnownFileType = sourcecode.swift; path = MainMenuViewController.swift; sourceTree = "<group>"; };
		6FFDD0DC2F618685008CED45 /* SplashViewController.swift */ = {isa = PBXFileReference; lastKnownFileType = sourcecode.swift; path = SplashViewController.swift; sourceTree = "<group>"; };
/* End PBXFileReference section */

/* Begin PBXFrameworksBuildPhase section */
		6FFDD0842F616B40008CED45 /* Frameworks */ = {
			isa = PBXFrameworksBuildPhase;
			buildActionMask = 2147483647;
			files = (
			);
			runOnlyForDeploymentPostprocessing = 0;
		};
/* End PBXFrameworksBuildPhase section */

/* Begin PBXGroup section */
		6FFDD07E2F616B40008CED45 = {
			isa = PBXGroup;
			children = (
				6FFDD0DF2F618685008CED45 /* Sources */,
				6FFDD0CD2F618666008CED45 /* Resources */,
				6FFDD0882F616B40008CED45 /* Products */,
			);
			sourceTree = "<group>";
		};
		6FFDD0882F616B40008CED45 /* Products */ = {
			isa = PBXGroup;
			children = (
				6FFDD0872F616B40008CED45 /* trainingtask.app */,
			);
			name = Products;
			sourceTree = "<group>";
		};
		6FFDD0CD2F618666008CED45 /* Resources */ = {
			isa = PBXGroup;
			children = (
				6FFDD0C82F618666008CED45 /* Assets.xcassets */,
				6FFDD0C92F618666008CED45 /* Info.plist */,
				6FFDD0CB2F618666008CED45 /* LaunchScreen.storyboard */,
				6FFDD0CC2F618666008CED45 /* Localizable.strings */,
			);
			name = Resources;
			path = App/Resources;
			sourceTree = "<group>";
		};
		6FFDD0CE2F618685008CED45 /* Constants */ = {
			isa = PBXGroup;
			children = (
			);
			path = Constants;
			sourceTree = "<group>";
		};
		6FFDD0CF2F618685008CED45 /* Extensions */ = {
			isa = PBXGroup;
			children = (
			);
			path = Extensions;
			sourceTree = "<group>";
		};
		6FFDD0D02F618685008CED45 /* Utilities */ = {
			isa = PBXGroup;
			children = (
			);
			path = Utilities;
			sourceTree = "<group>";
		};
		6FFDD0D32F618685008CED45 /* Core */ = {
			isa = PBXGroup;
			children = (
				6FFDD0CE2F618685008CED45 /* Constants */,
				6FFDD0CF2F618685008CED45 /* Extensions */,
				6FFDD0D02F618685008CED45 /* Utilities */,
				6FFDD0D12F618685008CED45 /* AppDelegate.swift */,
				6FFDD0D22F618685008CED45 /* SceneDelegate.swift */,
			);
			path = Core;
			sourceTree = "<group>";
		};
		6FFDD0D42F618685008CED45 /* Network */ = {
			isa = PBXGroup;
			children = (
			);
			path = Network;
			sourceTree = "<group>";
		};
		6FFDD0D52F618685008CED45 /* Repositories */ = {
			isa = PBXGroup;
			children = (
			);
			path = Repositories;
			sourceTree = "<group>";
		};
		6FFDD0D62F618685008CED45 /* StubServer */ = {
			isa = PBXGroup;
			children = (
			);
			path = StubServer;
			sourceTree = "<group>";
		};
		6FFDD0D72F618685008CED45 /* Data */ = {
			isa = PBXGroup;
			children = (
				6FFDD0D42F618685008CED45 /* Network */,
				6FFDD0D52F618685008CED45 /* Repositories */,
				6FFDD0D62F618685008CED45 /* StubServer */,
			);
			path = Data;
			sourceTree = "<group>";
		};
		6FFDD0D82F618685008CED45 /* Models */ = {
			isa = PBXGroup;
			children = (
				6FBE2C812F62A66000B02B5A /* Employee.swift */,
				6FBE2C7F2F62A57300B02B5A /* Project.swift */,
				6FBE2C7D2F62A29E00B02B5A /* Task.swift */,
			);
			path = Models;
			sourceTree = "<group>";
		};
		6FFDD0D92F618685008CED45 /* Services */ = {
			isa = PBXGroup;
			children = (
			);
			path = Services;
			sourceTree = "<group>";
		};
		6FFDD0DA2F618685008CED45 /* Domain */ = {
			isa = PBXGroup;
			children = (
				6FFDD0D82F618685008CED45 /* Models */,
				6FFDD0D92F618685008CED45 /* Services */,
			);
			path = Domain;
			sourceTree = "<group>";
		};
		6FFDD0DD2F618685008CED45 /* Screens */ = {
			isa = PBXGroup;
			children = (
				6FFDD0DB2F618685008CED45 /* MainMenuViewController.swift */,
				6FFDD0DC2F618685008CED45 /* SplashViewController.swift */,
			);
			path = Screens;
			sourceTree = "<group>";
		};
		6FFDD0DE2F618685008CED45 /* UI */ = {
			isa = PBXGroup;
			children = (
				6FFDD0DD2F618685008CED45 /* Screens */,
			);
			path = UI;
			sourceTree = "<group>";
		};
		6FFDD0DF2F618685008CED45 /* Sources */ = {
			isa = PBXGroup;
			children = (
				6FFDD0D32F618685008CED45 /* Core */,
				6FFDD0D72F618685008CED45 /* Data */,
				6FFDD0DA2F618685008CED45 /* Domain */,
				6FFDD0DE2F618685008CED45 /* UI */,
			);
			name = Sources;
			path = App/Sources;
			sourceTree = "<group>";
		};
/* End PBXGroup section */

/* Begin PBXNativeTarget section */
		6FFDD0862F616B40008CED45 /* trainingtask */ = {
			isa = PBXNativeTarget;
			buildConfigurationList = 6FFDD09A2F616B48008CED45 /* Build configuration list for PBXNativeTarget "trainingtask" */;
			buildPhases = (
				6FFDD0832F616B40008CED45 /* Sources */,
				6FFDD0842F616B40008CED45 /* Frameworks */,
				6FFDD0852F616B40008CED45 /* Resources */,
			);
			buildRules = (
			);
			dependencies = (
			);
			name = trainingtask;
			packageProductDependencies = (
			);
			productName = trainingtask;
			productReference = 6FFDD0872F616B40008CED45 /* trainingtask.app */;
			productType = "com.apple.product-type.application";
		};
/* End PBXNativeTarget section */

/* Begin PBXProject section */
		6FFDD07F2F616B40008CED45 /* Project object */ = {
			isa = PBXProject;
			attributes = {
				BuildIndependentTargetsInParallel = 1;
				LastSwiftUpdateCheck = 2630;
				LastUpgradeCheck = 2630;
				TargetAttributes = {
					6FFDD0862F616B40008CED45 = {
						CreatedOnToolsVersion = 26.3;
					};
				};
			};
			buildConfigurationList = 6FFDD0822F616B40008CED45 /* Build configuration list for PBXProject "trainingtask" */;
			developmentRegion = en;
			hasScannedForEncodings = 0;
			knownRegions = (
				en,
				Base,
			);
			mainGroup = 6FFDD07E2F616B40008CED45;
			minimizedProjectReferenceProxies = 1;
			preferredProjectObjectVersion = 77;
			productRefGroup = 6FFDD0882F616B40008CED45 /* Products */;
			projectDirPath = "";
			projectRoot = "";
			targets = (
				6FFDD0862F616B40008CED45 /* trainingtask */,
			);
		};
/* End PBXProject section */

/* Begin PBXResourcesBuildPhase section */
		6FFDD0852F616B40008CED45 /* Resources */ = {
			isa = PBXResourcesBuildPhase;
			buildActionMask = 2147483647;
			files = (
			);
			runOnlyForDeploymentPostprocessing = 0;
		};
/* End PBXResourcesBuildPhase section */

/* Begin PBXSourcesBuildPhase section */
		6FFDD0832F616B40008CED45 /* Sources */ = {
			isa = PBXSourcesBuildPhase;
			buildActionMask = 2147483647;
			files = (
				6FFDD0E72F619930008CED45 /* LaunchScreen.storyboard in Sources */,
				6FBE2C822F62A66500B02B5A /* Employee.swift in Sources */,
				6FFDD0E12F61933E008CED45 /* AppDelegate.swift in Sources */,
				6FFDD0E22F61933E008CED45 /* SceneDelegate.swift in Sources */,
				6FFDD0E32F61933E008CED45 /* MainMenuViewController.swift in Sources */,
				6FBE2C7E2F62A2AA00B02B5A /* Task.swift in Sources */,
				6FBE2C802F62A57800B02B5A /* Project.swift in Sources */,
				6FFDD0E42F61933E008CED45 /* SplashViewController.swift in Sources */,
			);
			runOnlyForDeploymentPostprocessing = 0;
		};
/* End PBXSourcesBuildPhase section */

/* Begin PBXVariantGroup section */
		6FFDD0CB2F618666008CED45 /* LaunchScreen.storyboard */ = {
			isa = PBXVariantGroup;
			children = (
				6FFDD0CA2F618666008CED45 /* Base */,
			);
			name = LaunchScreen.storyboard;
			sourceTree = "<group>";
		};
/* End PBXVariantGroup section */

/* Begin XCBuildConfiguration section */
		6FFDD09B2F616B48008CED45 /* Debug */ = {
			isa = XCBuildConfiguration;
			buildSettings = {
				ASSETCATALOG_COMPILER_APPICON_NAME = AppIcon;
				ASSETCATALOG_COMPILER_GLOBAL_ACCENT_COLOR_NAME = AccentColor;
				ASSETCATALOG_COMPILER_INCLUDE_ALL_APPICON_ASSETS = NO;
				CODE_SIGN_STYLE = Automatic;
				CURRENT_PROJECT_VERSION = 1;
				DEVELOPMENT_TEAM = FUBF9ZAVPM;
				GENERATE_INFOPLIST_FILE = YES;
				INFOPLIST_FILE = App/Resources/Info.plist;
				INFOPLIST_KEY_UIApplicationSupportsIndirectInputEvents = YES;
				INFOPLIST_KEY_UILaunchStoryboardName = "";
				INFOPLIST_KEY_UISupportedInterfaceOrientations_iPad = "UIInterfaceOrientationPortrait UIInterfaceOrientationPortraitUpsideDown UIInterfaceOrientationLandscapeLeft UIInterfaceOrientationLandscapeRight";
				INFOPLIST_KEY_UISupportedInterfaceOrientations_iPhone = "UIInterfaceOrientationPortrait UIInterfaceOrientationLandscapeLeft UIInterfaceOrientationLandscapeRight";
				IPHONEOS_DEPLOYMENT_TARGET = 15.0;
				LD_RUNPATH_SEARCH_PATHS = (
					"$(inherited)",
					"@executable_path/Frameworks",
				);
				MARKETING_VERSION = 1.0;
				PRODUCT_BUNDLE_IDENTIFIER = com.tulenAlina.trainingtask;
				PRODUCT_NAME = "$(TARGET_NAME)";
				STRING_CATALOG_GENERATE_SYMBOLS = YES;
				SWIFT_APPROACHABLE_CONCURRENCY = YES;
				SWIFT_DEFAULT_ACTOR_ISOLATION = MainActor;
				SWIFT_EMIT_LOC_STRINGS = YES;
				SWIFT_UPCOMING_FEATURE_MEMBER_IMPORT_VISIBILITY = YES;
				SWIFT_VERSION = 5.0;
				TARGETED_DEVICE_FAMILY = "1,2";
			};
			name = Debug;
		};
		6FFDD09C2F616B48008CED45 /* Release */ = {
			isa = XCBuildConfiguration;
			buildSettings = {
				ASSETCATALOG_COMPILER_APPICON_NAME = AppIcon;
				ASSETCATALOG_COMPILER_GLOBAL_ACCENT_COLOR_NAME = AccentColor;
				ASSETCATALOG_COMPILER_INCLUDE_ALL_APPICON_ASSETS = NO;
				CODE_SIGN_STYLE = Automatic;
				CURRENT_PROJECT_VERSION = 1;
				DEVELOPMENT_TEAM = FUBF9ZAVPM;
				GENERATE_INFOPLIST_FILE = YES;
				INFOPLIST_FILE = App/Resources/Info.plist;
				INFOPLIST_KEY_UIApplicationSupportsIndirectInputEvents = YES;
				INFOPLIST_KEY_UILaunchStoryboardName = "";
				INFOPLIST_KEY_UISupportedInterfaceOrientations_iPad = "UIInterfaceOrientationPortrait UIInterfaceOrientationPortraitUpsideDown UIInterfaceOrientationLandscapeLeft UIInterfaceOrientationLandscapeRight";
				INFOPLIST_KEY_UISupportedInterfaceOrientations_iPhone = "UIInterfaceOrientationPortrait UIInterfaceOrientationLandscapeLeft UIInterfaceOrientationLandscapeRight";
				IPHONEOS_DEPLOYMENT_TARGET = 15.0;
				LD_RUNPATH_SEARCH_PATHS = (
					"$(inherited)",
					"@executable_path/Frameworks",
				);
				MARKETING_VERSION = 1.0;
				PRODUCT_BUNDLE_IDENTIFIER = com.tulenAlina.trainingtask;
				PRODUCT_NAME = "$(TARGET_NAME)";
				STRING_CATALOG_GENERATE_SYMBOLS = YES;
				SWIFT_APPROACHABLE_CONCURRENCY = YES;
				SWIFT_DEFAULT_ACTOR_ISOLATION = MainActor;
				SWIFT_EMIT_LOC_STRINGS = YES;
				SWIFT_UPCOMING_FEATURE_MEMBER_IMPORT_VISIBILITY = YES;
				SWIFT_VERSION = 5.0;
				TARGETED_DEVICE_FAMILY = "1,2";
			};
			name = Release;
		};
		6FFDD09D2F616B48008CED45 /* Debug */ = {
			isa = XCBuildConfiguration;
			buildSettings = {
				ALWAYS_SEARCH_USER_PATHS = NO;
				ASSETCATALOG_COMPILER_GENERATE_SWIFT_ASSET_SYMBOL_EXTENSIONS = YES;
				CLANG_ANALYZER_NONNULL = YES;
				CLANG_ANALYZER_NUMBER_OBJECT_CONVERSION = YES_AGGRESSIVE;
				CLANG_CXX_LANGUAGE_STANDARD = "gnu++20";
				CLANG_ENABLE_MODULES = YES;
				CLANG_ENABLE_OBJC_ARC = YES;
				CLANG_ENABLE_OBJC_WEAK = YES;
				CLANG_WARN_BLOCK_CAPTURE_AUTORELEASING = YES;
				CLANG_WARN_BOOL_CONVERSION = YES;
				CLANG_WARN_COMMA = YES;
				CLANG_WARN_CONSTANT_CONVERSION = YES;
				CLANG_WARN_DEPRECATED_OBJC_IMPLEMENTATIONS = YES;
				CLANG_WARN_DIRECT_OBJC_ISA_USAGE = YES_ERROR;
				CLANG_WARN_DOCUMENTATION_COMMENTS = YES;
				CLANG_WARN_EMPTY_BODY = YES;
				CLANG_WARN_ENUM_CONVERSION = YES;
				CLANG_WARN_INFINITE_RECURSION = YES;
				CLANG_WARN_INT_CONVERSION = YES;
				CLANG_WARN_NON_LITERAL_NULL_CONVERSION = YES;
				CLANG_WARN_OBJC_IMPLICIT_RETAIN_SELF = YES;
				CLANG_WARN_OBJC_LITERAL_CONVERSION = YES;
				CLANG_WARN_OBJC_ROOT_CLASS = YES_ERROR;
				CLANG_WARN_QUOTED_INCLUDE_IN_FRAMEWORK_HEADER = YES;
				CLANG_WARN_RANGE_LOOP_ANALYSIS = YES;
				CLANG_WARN_STRICT_PROTOTYPES = YES;
				CLANG_WARN_SUSPICIOUS_MOVE = YES;
				CLANG_WARN_UNGUARDED_AVAILABILITY = YES_AGGRESSIVE;
				CLANG_WARN_UNREACHABLE_CODE = YES;
				CLANG_WARN__DUPLICATE_METHOD_MATCH = YES;
				COPY_PHASE_STRIP = NO;
				DEBUG_INFORMATION_FORMAT = dwarf;
				ENABLE_STRICT_OBJC_MSGSEND = YES;
				ENABLE_TESTABILITY = YES;
				ENABLE_USER_SCRIPT_SANDBOXING = YES;
				GCC_C_LANGUAGE_STANDARD = gnu17;
				GCC_DYNAMIC_NO_PIC = NO;
				GCC_NO_COMMON_BLOCKS = YES;
				GCC_OPTIMIZATION_LEVEL = 0;
				GCC_PREPROCESSOR_DEFINITIONS = (
					"DEBUG=1",
					"$(inherited)",
				);
				GCC_WARN_64_TO_32_BIT_CONVERSION = YES;
				GCC_WARN_ABOUT_RETURN_TYPE = YES_ERROR;
				GCC_WARN_UNDECLARED_SELECTOR = YES;
				GCC_WARN_UNINITIALIZED_AUTOS = YES_AGGRESSIVE;
				GCC_WARN_UNUSED_FUNCTION = YES;
				GCC_WARN_UNUSED_VARIABLE = YES;
				IPHONEOS_DEPLOYMENT_TARGET = 26.2;
				LOCALIZATION_PREFERS_STRING_CATALOGS = YES;
				MTL_ENABLE_DEBUG_INFO = INCLUDE_SOURCE;
				MTL_FAST_MATH = YES;
				ONLY_ACTIVE_ARCH = YES;
				SDKROOT = iphoneos;
				SWIFT_ACTIVE_COMPILATION_CONDITIONS = "DEBUG $(inherited)";
				SWIFT_OPTIMIZATION_LEVEL = "-Onone";
			};
			name = Debug;
		};
		6FFDD09E2F616B48008CED45 /* Release */ = {
			isa = XCBuildConfiguration;
			buildSettings = {
				ALWAYS_SEARCH_USER_PATHS = NO;
				ASSETCATALOG_COMPILER_GENERATE_SWIFT_ASSET_SYMBOL_EXTENSIONS = YES;
				CLANG_ANALYZER_NONNULL = YES;
				CLANG_ANALYZER_NUMBER_OBJECT_CONVERSION = YES_AGGRESSIVE;
				CLANG_CXX_LANGUAGE_STANDARD = "gnu++20";
				CLANG_ENABLE_MODULES = YES;
				CLANG_ENABLE_OBJC_ARC = YES;
				CLANG_ENABLE_OBJC_WEAK = YES;
				CLANG_WARN_BLOCK_CAPTURE_AUTORELEASING = YES;
				CLANG_WARN_BOOL_CONVERSION = YES;
				CLANG_WARN_COMMA = YES;
				CLANG_WARN_CONSTANT_CONVERSION = YES;
				CLANG_WARN_DEPRECATED_OBJC_IMPLEMENTATIONS = YES;
				CLANG_WARN_DIRECT_OBJC_ISA_USAGE = YES_ERROR;
				CLANG_WARN_DOCUMENTATION_COMMENTS = YES;
				CLANG_WARN_EMPTY_BODY = YES;
				CLANG_WARN_ENUM_CONVERSION = YES;
				CLANG_WARN_INFINITE_RECURSION = YES;
				CLANG_WARN_INT_CONVERSION = YES;
				CLANG_WARN_NON_LITERAL_NULL_CONVERSION = YES;
				CLANG_WARN_OBJC_IMPLICIT_RETAIN_SELF = YES;
				CLANG_WARN_OBJC_LITERAL_CONVERSION = YES;
				CLANG_WARN_OBJC_ROOT_CLASS = YES_ERROR;
				CLANG_WARN_QUOTED_INCLUDE_IN_FRAMEWORK_HEADER = YES;
				CLANG_WARN_RANGE_LOOP_ANALYSIS = YES;
				CLANG_WARN_STRICT_PROTOTYPES = YES;
				CLANG_WARN_SUSPICIOUS_MOVE = YES;
				CLANG_WARN_UNGUARDED_AVAILABILITY = YES_AGGRESSIVE;
				CLANG_WARN_UNREACHABLE_CODE = YES;
				CLANG_WARN__DUPLICATE_METHOD_MATCH = YES;
				COPY_PHASE_STRIP = NO;
				DEBUG_INFORMATION_FORMAT = "dwarf-with-dsym";
				ENABLE_NS_ASSERTIONS = NO;
				ENABLE_STRICT_OBJC_MSGSEND = YES;
				ENABLE_USER_SCRIPT_SANDBOXING = YES;
				GCC_C_LANGUAGE_STANDARD = gnu17;
				GCC_NO_COMMON_BLOCKS = YES;
				GCC_WARN_64_TO_32_BIT_CONVERSION = YES;
				GCC_WARN_ABOUT_RETURN_TYPE = YES_ERROR;
				GCC_WARN_UNDECLARED_SELECTOR = YES;
				GCC_WARN_UNINITIALIZED_AUTOS = YES_AGGRESSIVE;
				GCC_WARN_UNUSED_FUNCTION = YES;
				GCC_WARN_UNUSED_VARIABLE = YES;
				IPHONEOS_DEPLOYMENT_TARGET = 26.2;
				LOCALIZATION_PREFERS_STRING_CATALOGS = YES;
				MTL_ENABLE_DEBUG_INFO = NO;
				MTL_FAST_MATH = YES;
				SDKROOT = iphoneos;
				SWIFT_COMPILATION_MODE = wholemodule;
				VALIDATE_PRODUCT = YES;
			};
			name = Release;
		};
/* End XCBuildConfiguration section */

/* Begin XCConfigurationList section */
		6FFDD0822F616B40008CED45 /* Build configuration list for PBXProject "trainingtask" */ = {
			isa = XCConfigurationList;
			buildConfigurations = (
				6FFDD09D2F616B48008CED45 /* Debug */,
				6FFDD09E2F616B48008CED45 /* Release */,
			);
			defaultConfigurationIsVisible = 0;
			defaultConfigurationName = Release;
		};
		6FFDD09A2F616B48008CED45 /* Build configuration list for PBXNativeTarget "trainingtask" */ = {
			isa = XCConfigurationList;
			buildConfigurations = (
				6FFDD09B2F616B48008CED45 /* Debug */,
				6FFDD09C2F616B48008CED45 /* Release */,
			);
			defaultConfigurationIsVisible = 0;
			defaultConfigurationName = Release;
		};
/* End XCConfigurationList section */
	};
	rootObject = 6FFDD07F2F616B40008CED45 /* Project object */;
}
